{
  "lockfileVersion": 1,
  "configVersion": 1,
  "workspaces": {
    "": {
      "dependencies": {
        "@github/copilot-sdk": "^0.1.20",
      },
      "devDependencies": {
        "@types/bun": "^1.3.8",
        "modality-bun-kit": "^0.0.2",
        "typescript": "^5.9.3",
      },
    },
  },
  "packages": {
    "@github/copilot": ["@github/copilot@0.0.399", "", { "optionalDependencies": { "@github/copilot-darwin-arm64": "0.0.399", "@github/copilot-darwin-x64": "0.0.399", "@github/copilot-linux-arm64": "0.0.399", "@github/copilot-linux-x64": "0.0.399", "@github/copilot-win32-arm64": "0.0.399", "@github/copilot-win32-x64": "0.0.399" }, "bin": { "copilot": "npm-loader.js" } }, "sha512-ULRmqkH6L6mdokjMTfLaJQDidJXDUy0EYE8lHsIDxXD4dUoGjfsNRswZ4We+JxIJiXuTF9U9KqQM55QRj/4kQA=="],

    "@github/copilot-darwin-arm64": ["@github/copilot-darwin-arm64@0.0.399", "", { "os": "darwin", "cpu": "arm64", "bin": { "copilot-darwin-arm64": "copilot" } }, "sha512-8TQWPO9PrjR5g/y13nUmKBpk8oCHPpBPgHgp7hozIGedsbNJrcuABeNEsbkxowTwTiKgXEz5A5DGo5iN2AY+Ww=="],

    "@github/copilot-darwin-x64": ["@github/copilot-darwin-x64@0.0.399", "", { "os": "darwin", "cpu": "x64", "bin": { "copilot-darwin-x64": "copilot" } }, "sha512-Ge1a6zGpjTbVOUQyvT18NbphmyPidPoVERq7DOTTo3XdKDm8n2jFh6UjQl7atL0hnUaWsKOTx9qrgTPdQmqMDA=="],

    "@github/copilot-linux-arm64": ["@github/copilot-linux-arm64@0.0.399", "", { "os": "linux", "cpu": "arm64", "bin": { "copilot-linux-arm64": "copilot" } }, "sha512-41TCc1zxSd6qI56xzOyVR91mW8i7SXQ6IrRbsDBAF8i1dbyzIDO2YZ4c23fn8IRJ3C0aCQvfMoFf/BpzHQ6igw=="],

    "@github/copilot-linux-x64": ["@github/copilot-linux-x64@0.0.399", "", { "os": "linux", "cpu": "x64", "bin": { "copilot-linux-x64": "copilot" } }, "sha512-TNjJ/Kli74wdFycayvFW8mSmBc6ssURGxc+kiJkL+DYKloefBvViqz4I9Luwee7jrCdP1sgHwcelMrGbQ9fDHQ=="],

    "@github/copilot-sdk": ["@github/copilot-sdk@0.1.20", "", { "dependencies": { "@github/copilot": "^0.0.399", "vscode-jsonrpc": "^8.2.1", "zod": "^4.3.5" } }, "sha512-wBFROeWRoItJ/275g0Kp1B3rTvn5ZkAlRdYk8x/Nl0bkYF9mwA7CbsEvJc3V8PIwJ7ftJxR2x8utgq8m/pdtng=="],

    "@github/copilot-win32-arm64": ["@github/copilot-win32-arm64@0.0.399", "", { "os": "win32", "cpu": "arm64", "bin": { "copilot-win32-arm64": "copilot.exe" } }, "sha512-VInXjz1gaQcP0PZ18FBT0wdCNJld1huhisxUcegRpYdGgKHfUxdwU1N/2LcoZZZ+iin1NPt3mNsBJiI5W24RCA=="],

    "@github/copilot-win32-x64": ["@github/copilot-win32-x64@0.0.399", "", { "os": "win32", "cpu": "x64", "bin": { "copilot-win32-x64": "copilot.exe" } }, "sha512-ddIYUm+HPvwhTOcVFIZNoIH8a00Wp6PtE/Zq7slShSMMjzqWLuvY0s9NdNt6ijPqxtNgwuHWPfPVS4OvqfkwSA=="],

    "@types/bun": ["@types/bun@1.3.8", "", { "dependencies": { "bun-types": "1.3.8" } }, "sha512-3LvWJ2q5GerAXYxO2mffLTqOzEu5qnhEAlh48Vnu8WQfnmSwbgagjGZV6BoHKJztENYEDn6QmVd949W4uESRJA=="],

    "@types/node": ["@types/node@25.2.0", "", { "dependencies": { "undici-types": "~7.16.0" } }, "sha512-DZ8VwRFUNzuqJ5khrvwMXHmvPe+zGayJhr2CDNiKB1WBE1ST8Djl00D0IC4vvNmHMdj6DlbYRIaFE7WHjlDl5w=="],

    "bun-types": ["bun-types@1.3.8", "", { "dependencies": { "@types/node": "*" } }, "sha512-fL99nxdOWvV4LqjmC+8Q9kW3M4QTtTR1eePs94v5ctGqU8OeceWrSUaRw3JYb7tU3FkMIAjkueehrHPPPGKi5Q=="],

    "modality-bun-kit": ["modality-bun-kit@0.0.2", "", { "dependencies": { "@types/bun": "^1.3.5", "typescript": "^5.9.3" } }, "sha512-DCHZZsHbRvuU5CEF9xZ4R+ihArw1Hmzfi6Rv/MA7myBDGga7POYRKi372nQIfjVY6+gTkWK5OdG9I81MoM+7mw=="],

    "typescript": ["typescript@5.9.3", "", { "bin": { "tsc": "bin/tsc", "tsserver": "bin/tsserver" } }, "sha512-jl1vZzPDinLr9eUt3J/t7V6FgNEw9QjvBPdysz9KfQDD41fQrC2Y4vKQdiaUpFT4bXlb1RHhLpp8wtm6M5TgSw=="],

    "undici-types": ["undici-types@7.16.0", "", {}, "sha512-Zz+aZWSj8LE6zoxD+xrjh4VfkIG8Ya6LvYkZqtUQGJPZjYl53ypCaUwWqo7eI0x66KBGeRo+mlBEkMSeSZ38Nw=="],

    "vscode-jsonrpc": ["vscode-jsonrpc@8.2.1", "", {}, "sha512-kdjOSJ2lLIn7r1rtrMbbNCHjyMPfRnowdKjBQ+mGq6NAW5QY2bEZC/khaC5OR8svbbjvLEaIXkOq45e2X9BIbQ=="],

    "zod": ["zod@4.3.6", "", {}, "sha512-rftlrkhHZOcjDwkGlnUtZZkvaPHCsDATp4pGpuOOMDaTdDDXF91wuVDJoWoPsKX/3YPQ5fHuF3STjcYyKr+Qhg=="],
  }
}
