{
  "lockfileVersion": 1,
  "configVersion": 1,
  "workspaces": {
    "": {
      "name": "copilot-loop",
      "dependencies": {
        "@github/copilot-sdk": "^0.1.21",
      },
      "devDependencies": {
        "@types/bun": "^1.3.8",
        "modality-bun-kit": "^0.0.2",
        "typescript": "^5.9.3",
      },
    },
  },
  "packages": {
    "@github/copilot": ["@github/copilot@0.0.402", "", { "optionalDependencies": { "@github/copilot-darwin-arm64": "0.0.402", "@github/copilot-darwin-x64": "0.0.402", "@github/copilot-linux-arm64": "0.0.402", "@github/copilot-linux-x64": "0.0.402", "@github/copilot-win32-arm64": "0.0.402", "@github/copilot-win32-x64": "0.0.402" }, "bin": { "copilot": "npm-loader.js" } }, "sha512-8V7y3Cb77vvaOuxebVKlenKOyyM8lzt4//kdqRvO7tMbZuLUY0zicyW7mz+ohmnd5wm6faTtIF1k99UwBdTCmA=="],

    "@github/copilot-darwin-arm64": ["@github/copilot-darwin-arm64@0.0.402", "", { "os": "darwin", "cpu": "arm64", "bin": { "copilot-darwin-arm64": "copilot" } }, "sha512-UA2DZeQ3USSouWFlM4IoL8d4w55iEgVw78rhLmm/DGdyCEcsKyXNaLH+iW4Qxrznfx7FzK1Vri5/Pw/5BgL3EQ=="],

    "@github/copilot-darwin-x64": ["@github/copilot-darwin-x64@0.0.402", "", { "os": "darwin", "cpu": "x64", "bin": { "copilot-darwin-x64": "copilot" } }, "sha512-NFQdqGnFqvG/AHo76SMxY+a4tjlWcs7kxYz0clY40Fy4L1FcrOLygZB/ZCpryC1YuRZYXN0jhhGD6J+oxJWM8Q=="],

    "@github/copilot-linux-arm64": ["@github/copilot-linux-arm64@0.0.402", "", { "os": "linux", "cpu": "arm64", "bin": { "copilot-linux-arm64": "copilot" } }, "sha512-GJkPaCqdF0J1Fh6yDrYXOmleQ1ooGxLbEoHgenFbx+EWZMDpGVTnvNCpXem9ZeDbb8RWkxw9tNn33/HwsUVFLQ=="],

    "@github/copilot-linux-x64": ["@github/copilot-linux-x64@0.0.402", "", { "os": "linux", "cpu": "x64", "bin": { "copilot-linux-x64": "copilot" } }, "sha512-XtfIVw2Q60Alf+aV/oVPRV6Zdm/mragvWaSWZeNIm49pai+A7JaP6GXtYtLQ+agyrsVIFm+U7h36Vy2vlQfrqg=="],

    "@github/copilot-sdk": ["@github/copilot-sdk@0.1.21", "", { "dependencies": { "@github/copilot": "^0.0.402", "vscode-jsonrpc": "^8.2.1", "zod": "^4.3.5" } }, "sha512-JVE9YJAlxuUP2U0lGn7QzhX4plU6HUHBYkI+2jE0xpvNrSk0GDrcfq/wFEed7IMdGBeLzbqAD1AnkPlpZPLuQg=="],

    "@github/copilot-win32-arm64": ["@github/copilot-win32-arm64@0.0.402", "", { "os": "win32", "cpu": "arm64", "bin": { "copilot-win32-arm64": "copilot.exe" } }, "sha512-EDYfKc2PysDrzmm2Ng4w9dhG0U+tPoEQXw+fdL+HYkOuqNIMFAjImleM6lhLa0y7DdW0/KrgjGrux/VNkbPsGQ=="],

    "@github/copilot-win32-x64": ["@github/copilot-win32-x64@0.0.402", "", { "os": "win32", "cpu": "x64", "bin": { "copilot-win32-x64": "copilot.exe" } }, "sha512-z3OVk7xQAr8EofBe3lTceugsCzclt1Tt4ol6cFfzuK3blkyx2lWymnu9slxkcWgbVQK7uDvOqi4U3Bx2NrvXbg=="],

    "@types/bun": ["@types/bun@1.3.8", "", { "dependencies": { "bun-types": "1.3.8" } }, "sha512-3LvWJ2q5GerAXYxO2mffLTqOzEu5qnhEAlh48Vnu8WQfnmSwbgagjGZV6BoHKJztENYEDn6QmVd949W4uESRJA=="],

    "@types/node": ["@types/node@25.2.0", "", { "dependencies": { "undici-types": "~7.16.0" } }, "sha512-DZ8VwRFUNzuqJ5khrvwMXHmvPe+zGayJhr2CDNiKB1WBE1ST8Djl00D0IC4vvNmHMdj6DlbYRIaFE7WHjlDl5w=="],

    "bun-types": ["bun-types@1.3.8", "", { "dependencies": { "@types/node": "*" } }, "sha512-fL99nxdOWvV4LqjmC+8Q9kW3M4QTtTR1eePs94v5ctGqU8OeceWrSUaRw3JYb7tU3FkMIAjkueehrHPPPGKi5Q=="],

    "modality-bun-kit": ["modality-bun-kit@0.0.2", "", { "dependencies": { "@types/bun": "^1.3.5", "typescript": "^5.9.3" } }, "sha512-DCHZZsHbRvuU5CEF9xZ4R+ihArw1Hmzfi6Rv/MA7myBDGga7POYRKi372nQIfjVY6+gTkWK5OdG9I81MoM+7mw=="],

    "typescript": ["typescript@5.9.3", "", { "bin": { "tsc": "bin/tsc", "tsserver": "bin/tsserver" } }, "sha512-jl1vZzPDinLr9eUt3J/t7V6FgNEw9QjvBPdysz9KfQDD41fQrC2Y4vKQdiaUpFT4bXlb1RHhLpp8wtm6M5TgSw=="],

    "undici-types": ["undici-types@7.16.0", "", {}, "sha512-Zz+aZWSj8LE6zoxD+xrjh4VfkIG8Ya6LvYkZqtUQGJPZjYl53ypCaUwWqo7eI0x66KBGeRo+mlBEkMSeSZ38Nw=="],

    "vscode-jsonrpc": ["vscode-jsonrpc@8.2.1", "", {}, "sha512-kdjOSJ2lLIn7r1rtrMbbNCHjyMPfRnowdKjBQ+mGq6NAW5QY2bEZC/khaC5OR8svbbjvLEaIXkOq45e2X9BIbQ=="],

    "zod": ["zod@4.3.6", "", {}, "sha512-rftlrkhHZOcjDwkGlnUtZZkvaPHCsDATp4pGpuOOMDaTdDDXF91wuVDJoWoPsKX/3YPQ5fHuF3STjcYyKr+Qhg=="],
  }
}
