{
  "lockfileVersion": 1,
  "configVersion": 1,
  "workspaces": {
    "": {
      "name": "@modality-ai/copilot-loop",
      "dependencies": {
        "@github/copilot-sdk": "^0.3.0",
        "hono": "^4.12.18",
      },
      "devDependencies": {
        "modality-bun-kit": "^1.3.131",
      },
    },
  },
  "packages": {
    "@github/copilot": ["@github/copilot@1.0.42", "", { "optionalDependencies": { "@github/copilot-darwin-arm64": "1.0.42", "@github/copilot-darwin-x64": "1.0.42", "@github/copilot-linux-arm64": "1.0.42", "@github/copilot-linux-x64": "1.0.42", "@github/copilot-win32-arm64": "1.0.42", "@github/copilot-win32-x64": "1.0.42" }, "bin": { "copilot": "npm-loader.js" } }, "sha512-ODW5+aJi595Tb2WUaAlshBoUkOBuh9MegXXwXzMoar+k9fZzzDy3oNJLFg7ni4UtkUZvj/WL/y3s5O+FlsF2HA=="],

    "@github/copilot-darwin-arm64": ["@github/copilot-darwin-arm64@1.0.42", "", { "os": "darwin", "cpu": "arm64", "bin": { "copilot-darwin-arm64": "copilot" } }, "sha512-2w89QLRgMR7hWwV1KG3uXqu98WST6afJCfvtYtqvPdf6ZQC7Fj2HhPNCrMxZk/H8mZwTgYJeg30gZjvV1698EA=="],

    "@github/copilot-darwin-x64": ["@github/copilot-darwin-x64@1.0.42", "", { "os": "darwin", "cpu": "x64", "bin": { "copilot-darwin-x64": "copilot" } }, "sha512-G2//tgGSKXx3ZGMqe774UnewasYMh+j0ZeQ3injtuZpSpzN+OAuNkzwXpvFHprdbgekMb0oAPN+Xm3rHuQY8Xw=="],

    "@github/copilot-linux-arm64": ["@github/copilot-linux-arm64@1.0.42", "", { "os": "linux", "cpu": "arm64", "bin": { "copilot-linux-arm64": "copilot" } }, "sha512-Ai6J4hUKVuE5ztsLspp/I7ByXtL2V6tF+AOn0q+hHp1MOA5JLq5/G8PE+c0VzG69x4hkt1lROQDjvXJGY7sv+g=="],

    "@github/copilot-linux-x64": ["@github/copilot-linux-x64@1.0.42", "", { "os": "linux", "cpu": "x64", "bin": { "copilot-linux-x64": "copilot" } }, "sha512-yYfuL6Hk3uLQuIgfxpEMCyoowFq2Bew1EaXmvg4lnDjj95tvEmyMCX77aIZ2AKwBOgp1nMV7L1B1QL9/mw6BTA=="],

    "@github/copilot-sdk": ["@github/copilot-sdk@0.3.0", "", { "dependencies": { "@github/copilot": "^1.0.36-0", "vscode-jsonrpc": "^8.2.1", "zod": "^4.3.6" } }, "sha512-SUo35k56pzzgYgwmDPHcu7kZxPrzXbH66IWXaEf6pmb94DlA709F82HrrDeja087TL4djJ9OuvRFWWOKCosAsg=="],

    "@github/copilot-win32-arm64": ["@github/copilot-win32-arm64@1.0.42", "", { "os": "win32", "cpu": "arm64", "bin": { "copilot-win32-arm64": "copilot.exe" } }, "sha512-WgnV6AxsvbvZdNW/42JFikK/SqR1JMw6juRpGKXZr70ond/cHK6trtrmt3dXYPymBO14ppJMFdm4+chJzKGKMw=="],

    "@github/copilot-win32-x64": ["@github/copilot-win32-x64@1.0.42", "", { "os": "win32", "cpu": "x64", "bin": { "copilot-win32-x64": "copilot.exe" } }, "sha512-J5jtrcYuODuD4LPPRHjOCMJGO6+vKZ71n8PTiHPCg9lpfThXDDXxrB7nDDkhxl23zSXlUrpWwkMI+a2Ax/AxGg=="],

    "@types/bun": ["@types/bun@1.3.13", "", { "dependencies": { "bun-types": "1.3.13" } }, "sha512-9fqXWk5YIHGGnUau9TEi+qdlTYDAnOj+xLCmSTwXfAIqXr2x4tytJb43E9uCvt09zJURKXwAtkoH4nLQfzeTXw=="],

    "@types/node": ["@types/node@25.3.5", "", { "dependencies": { "undici-types": "~7.18.0" } }, "sha512-oX8xrhvpiyRCQkG1MFchB09f+cXftgIXb3a7UUa4Y3wpmZPw5tyZGTLWhlESOLq1Rq6oDlc8npVU2/9xiCuXMA=="],

    "bun-types": ["bun-types@1.3.13", "", { "dependencies": { "@types/node": "*" } }, "sha512-QXKeHLlOLqQX9LgYaHJfzdBaV21T63HhFJnvuRCcjZiaUDpbs5ED1MgxbMra71CsryN/1dAoXuJJJwIv/2drVA=="],

    "hono": ["hono@4.12.18", "", {}, "sha512-RWzP96k/yv0PQfyXnWjs6zot20TqfpfsNXhOnev8d1InAxubW93L11/oNUc3tQqn2G0bSdAOBpX+2uDFHV7kdQ=="],

    "modality-bun-kit": ["modality-bun-kit@1.3.131", "", { "dependencies": { "@types/bun": "^1.3.13", "typescript": "^6.0.3", "zod": "^4.4.2" } }, "sha512-bM7wr0rIk5Mb6bhwA5k0g3ABe8zMzy/86iWmAUEigrwLIPVOKgoQC8WaVDRjvE/vEMW86kj7zUNiyMFCuv6uJQ=="],

    "typescript": ["typescript@6.0.3", "", { "bin": { "tsc": "bin/tsc", "tsserver": "bin/tsserver" } }, "sha512-y2TvuxSZPDyQakkFRPZHKFm+KKVqIisdg9/CZwm9ftvKXLP8NRWj38/ODjNbr43SsoXqNuAisEf1GdCxqWcdBw=="],

    "undici-types": ["undici-types@7.18.2", "", {}, "sha512-AsuCzffGHJybSaRrmr5eHr81mwJU3kjw6M+uprWvCXiNeN9SOGwQ3Jn8jb8m3Z6izVgknn1R0FTCEAP2QrLY/w=="],

    "vscode-jsonrpc": ["vscode-jsonrpc@8.2.1", "", {}, "sha512-kdjOSJ2lLIn7r1rtrMbbNCHjyMPfRnowdKjBQ+mGq6NAW5QY2bEZC/khaC5OR8svbbjvLEaIXkOq45e2X9BIbQ=="],

    "zod": ["zod@4.4.3", "", {}, "sha512-ytENFjIJFl2UwYglde2jchW2Hwm4GJFLDiSXWdTrJQBIN9Fcyp7n4DhxJEiWNAJMV1/BqWfW/kkg71UDcHJyTQ=="],
  }
}
