{
  "lockfileVersion": 1,
  "configVersion": 1,
  "workspaces": {
    "": {
      "name": "@modality-ai/copilot-loop",
      "devDependencies": {
        "@github/copilot-sdk": "latest",
        "@types/bun": "latest",
        "modality-bun-kit": "latest",
        "typescript": "latest",
      },
    },
  },
  "packages": {
    "@github/copilot": ["@github/copilot@0.0.420", "", { "optionalDependencies": { "@github/copilot-darwin-arm64": "0.0.420", "@github/copilot-darwin-x64": "0.0.420", "@github/copilot-linux-arm64": "0.0.420", "@github/copilot-linux-x64": "0.0.420", "@github/copilot-win32-arm64": "0.0.420", "@github/copilot-win32-x64": "0.0.420" }, "bin": { "copilot": "npm-loader.js" } }, "sha512-UpPuSjxUxQ+j02WjZEFffWf0scLb23LvuGHzMFtaSsweR+P/BdbtDUI5ZDIA6T0tVyyt6+X1/vgfsJiRqd6jig=="],

    "@github/copilot-darwin-arm64": ["@github/copilot-darwin-arm64@0.0.420", "", { "os": "darwin", "cpu": "arm64", "bin": { "copilot-darwin-arm64": "copilot" } }, "sha512-sj8Oxcf3oKDbeUotm2gtq5YU1lwCt3QIzbMZioFD/PMLOeqSX/wrecI+c0DDYXKofFhALb0+DxxnWgbEs0mnkQ=="],

    "@github/copilot-darwin-x64": ["@github/copilot-darwin-x64@0.0.420", "", { "os": "darwin", "cpu": "x64", "bin": { "copilot-darwin-x64": "copilot" } }, "sha512-2acA93IqXz1uuz3TVUm0Y7BVrBr0MySh1kQa8LqMILhTsG0YHRMm8ybzTp2HA7Mi1tl5CjqMSk163kkS7OzfUA=="],

    "@github/copilot-linux-arm64": ["@github/copilot-linux-arm64@0.0.420", "", { "os": "linux", "cpu": "arm64", "bin": { "copilot-linux-arm64": "copilot" } }, "sha512-h/IvEryTOYm1HzR2GNq8s2aDtN4lvT4MxldfZuS42CtWJDOfVG2jLLsoHWU1T3QV8j1++PmDgE//HX0JLpLMww=="],

    "@github/copilot-linux-x64": ["@github/copilot-linux-x64@0.0.420", "", { "os": "linux", "cpu": "x64", "bin": { "copilot-linux-x64": "copilot" } }, "sha512-iL2NpZvXIDZ+3lw7sO2fo5T0nKmP5dZbU2gdYcv+SFBm/ONhCxIY5VRX4yN/9VkFaa9ePv5JzCnsl3vZINiDxg=="],

    "@github/copilot-sdk": ["@github/copilot-sdk@0.1.29", "", { "dependencies": { "@github/copilot": "^0.0.420", "vscode-jsonrpc": "^8.2.1", "zod": "^4.3.6" } }, "sha512-GdcN6bJTeesr1HP6IrhN2MznIf1B3ufqd3PX+uKbDLXNriOmP65Ai29/hxzTidNLHyOf6rW4NwmFfkMXiKfCBw=="],

    "@github/copilot-win32-arm64": ["@github/copilot-win32-arm64@0.0.420", "", { "os": "win32", "cpu": "arm64", "bin": { "copilot-win32-arm64": "copilot.exe" } }, "sha512-Njlc2j9vYSBAL+lC6FIEhQ3C+VxO3xavwKnw0ecVRiNLcGLyPrTdzPfPQOmEjC63gpVCqLabikoDGv8fuLPA2w=="],

    "@github/copilot-win32-x64": ["@github/copilot-win32-x64@0.0.420", "", { "os": "win32", "cpu": "x64", "bin": { "copilot-win32-x64": "copilot.exe" } }, "sha512-rZlH35oNehAP2DvQbu4vQFVNeCh/1p3rUjafBYaEY0Nkhx7RmdrYBileL5U3PtRPPRsBPaq3Qp+pVIrGoCDLzQ=="],

    "@types/bun": ["@types/bun@1.3.10", "", { "dependencies": { "bun-types": "1.3.10" } }, "sha512-0+rlrUrOrTSskibryHbvQkDOWRJwJZqZlxrUs1u4oOoTln8+WIXBPmAuCF35SWB2z4Zl3E84Nl/D0P7803nigQ=="],

    "@types/node": ["@types/node@25.3.2", "", { "dependencies": { "undici-types": "~7.18.0" } }, "sha512-RpV6r/ij22zRRdyBPcxDeKAzH43phWVKEjL2iksqo1Vz3CuBUrgmPpPhALKiRfU7OMCmeeO9vECBMsV0hMTG8Q=="],

    "bun-types": ["bun-types@1.3.10", "", { "dependencies": { "@types/node": "*" } }, "sha512-tcpfCCl6XWo6nCVnpcVrxQ+9AYN1iqMIzgrSKYMB/fjLtV2eyAVEg7AxQJuCq/26R6HpKWykQXuSOq/21RYcbg=="],

    "modality-bun-kit": ["modality-bun-kit@0.0.2", "", { "dependencies": { "@types/bun": "^1.3.5", "typescript": "^5.9.3" } }, "sha512-DCHZZsHbRvuU5CEF9xZ4R+ihArw1Hmzfi6Rv/MA7myBDGga7POYRKi372nQIfjVY6+gTkWK5OdG9I81MoM+7mw=="],

    "typescript": ["typescript@5.9.3", "", { "bin": { "tsc": "bin/tsc", "tsserver": "bin/tsserver" } }, "sha512-jl1vZzPDinLr9eUt3J/t7V6FgNEw9QjvBPdysz9KfQDD41fQrC2Y4vKQdiaUpFT4bXlb1RHhLpp8wtm6M5TgSw=="],

    "undici-types": ["undici-types@7.18.2", "", {}, "sha512-AsuCzffGHJybSaRrmr5eHr81mwJU3kjw6M+uprWvCXiNeN9SOGwQ3Jn8jb8m3Z6izVgknn1R0FTCEAP2QrLY/w=="],

    "vscode-jsonrpc": ["vscode-jsonrpc@8.2.1", "", {}, "sha512-kdjOSJ2lLIn7r1rtrMbbNCHjyMPfRnowdKjBQ+mGq6NAW5QY2bEZC/khaC5OR8svbbjvLEaIXkOq45e2X9BIbQ=="],

    "zod": ["zod@4.3.6", "", {}, "sha512-rftlrkhHZOcjDwkGlnUtZZkvaPHCsDATp4pGpuOOMDaTdDDXF91wuVDJoWoPsKX/3YPQ5fHuF3STjcYyKr+Qhg=="],

    "modality-bun-kit/@types/bun": ["@types/bun@1.3.9", "", { "dependencies": { "bun-types": "1.3.9" } }, "sha512-KQ571yULOdWJiMH+RIWIOZ7B2RXQGpL1YQrBtLIV3FqDcCu6FsbFUBwhdKUlCKUpS3PJDsHlJ1QKlpxoVR+xtw=="],

    "modality-bun-kit/@types/bun/bun-types": ["bun-types@1.3.9", "", { "dependencies": { "@types/node": "*" } }, "sha512-+UBWWOakIP4Tswh0Bt0QD0alpTY8cb5hvgiYeWCMet9YukHbzuruIEeXC2D7nMJPB12kbh8C7XJykSexEqGKJg=="],
  }
}
